
Microsoft Visual Studio Solution File, Format Version 12.00
# Visual Studio 2013
VisualStudioVersion = 12.0.31101.0
MinimumVisualStudioVersion = 10.0.40219.1
Project("{FAE04EC0-301F-11D3-BF4B-00C04F79EFBC}") = "BarcodeScanner", "BarcodeScanner.csproj", "{F33B2688-9C42-4ADE-B93B-F09101AABDD3}"
EndProject
Global
	GlobalSection(SolutionConfigurationPlatforms) = preSolution
		Debug|Any CPU = Debug|Any CPU
		Debug|ARM = Debug|ARM
		Debug|x64 = Debug|x64
		Debug|x86 = Debug|x86
		Release|Any CPU = Release|Any CPU
		Release|ARM = Release|ARM
		Release|x64 = Release|x64
		Release|x86 = Release|x86
	EndGlobalSection
	GlobalSection(ProjectConfigurationPlatforms) = postSolution
		{F33B2688-9C42-4ADE-B93B-F09101AABDD3}.Debug|Any CPU.ActiveCfg = Debug|Any CPU
		{F33B2688-9C42-4ADE-B93B-F09101AABDD3}.Debug|Any CPU.Build.0 = Debug|Any CPU
		{F33B2688-9C42-4ADE-B93B-F09101AABDD3}.Debug|ARM.ActiveCfg = Debug|ARM
		{F33B2688-9C42-4ADE-B93B-F09101AABDD3}.Debug|ARM.Build.0 = Debug|ARM
		{F33B2688-9C42-4ADE-B93B-F09101AABDD3}.Debug|x64.ActiveCfg = Debug|x64
		{F33B2688-9C42-4ADE-B93B-F09101AABDD3}.Debug|x64.Build.0 = Debug|x64
		{F33B2688-9C42-4ADE-B93B-F09101AABDD3}.Debug|x86.ActiveCfg = Debug|x86
		{F33B2688-9C42-4ADE-B93B-F09101AABDD3}.Debug|x86.Build.0 = Debug|x86
		{F33B2688-9C42-4ADE-B93B-F09101AABDD3}.Release|Any CPU.ActiveCfg = Release|Any CPU
		{F33B2688-9C42-4ADE-B93B-F09101AABDD3}.Release|Any CPU.Build.0 = Release|Any CPU
		{F33B2688-9C42-4ADE-B93B-F09101AABDD3}.Release|ARM.ActiveCfg = Release|ARM
		{F33B2688-9C42-4ADE-B93B-F09101AABDD3}.Release|ARM.Build.0 = Release|ARM
		{F33B2688-9C42-4ADE-B93B-F09101AABDD3}.Release|x64.ActiveCfg = Release|x64
		{F33B2688-9C42-4ADE-B93B-F09101AABDD3}.Release|x64.Build.0 = Release|x64
		{F33B2688-9C42-4ADE-B93B-F09101AABDD3}.Release|x86.ActiveCfg = Release|x86
		{F33B2688-9C42-4ADE-B93B-F09101AABDD3}.Release|x86.Build.0 = Release|x86
	EndGlobalSection
	GlobalSection(SolutionProperties) = preSolution
		HideSolutionNode = FALSE
	EndGlobalSection
EndGlobal
